// !$*UTF8*$!
{
	archiveVersion = 1;
	classes = {
	};
	objectVersion = 46;
	objects = {

/* Begin PBXBuildFile section */
		2CC8FBA2194BC51800014013 /* Foundation.framework in Frameworks */ = {isa = PBXBuildFile; fileRef = 2CC8FBA1194BC51800014013 /* Foundation.framework */; };
		2CC8FBA4194BC51800014013 /* CoreGraphics.framework in Frameworks */ = {isa = PBXBuildFile; fileRef = 2CC8FBA3194BC51800014013 /* CoreGraphics.framework */; };
		2CC8FBA6194BC51800014013 /* UIKit.framework in Frameworks */ = {isa = PBXBuildFile; fileRef = 2CC8FBA5194BC51800014013 /* UIKit.framework */; };
		2CC8FBAC194BC51800014013 /* InfoPlist.strings in Resources */ = {isa = PBXBuildFile; fileRef = 2CC8FBAA194BC51800014013 /* InfoPlist.strings */; };
		2CC8FBAE194BC51800014013 /* main.m in Sources */ = {isa = PBXBuildFile; fileRef = 2CC8FBAD194BC51800014013 /* main.m */; };
		2CC8FBB2194BC51800014013 /* AppDelegate.m in Sources */ = {isa = PBXBuildFile; fileRef = 2CC8FBB1194BC51800014013 /* AppDelegate.m */; };
		2CC8FBB4194BC51800014013 /* Images.xcassets in Resources */ = {isa = PBXBuildFile; fileRef = 2CC8FBB3194BC51800014013 /* Images.xcassets */; };
		2CC8FBBB194BC51800014013 /* XCTest.framework in Frameworks */ = {isa = PBXBuildFile; fileRef = 2CC8FBBA194BC51800014013 /* XCTest.framework */; };
		2CC8FBBC194BC51800014013 /* Foundation.framework in Frameworks */ = {isa = PBXBuildFile; fileRef = 2CC8FBA1194BC51800014013 /* Foundation.framework */; };
		2CC8FBBD194BC51800014013 /* UIKit.framework in Frameworks */ = {isa = PBXBuildFile; fileRef = 2CC8FBA5194BC51800014013 /* UIKit.framework */; };
		2CC8FBC5194BC51800014013 /* InfoPlist.strings in Resources */ = {isa = PBXBuildFile; fileRef = 2CC8FBC3194BC51800014013 /* InfoPlist.strings */; };
		2CC8FBC7194BC51800014013 /* FindrTests.m in Sources */ = {isa = PBXBuildFile; fileRef = 2CC8FBC6194BC51800014013 /* FindrTests.m */; };
		2CC8FBD2194BC52D00014013 /* YelpClient.m in Sources */ = {isa = PBXBuildFile; fileRef = 2CC8FBD1194BC52D00014013 /* YelpClient.m */; };
/* End PBXBuildFile section */

/* Begin PBXContainerItemProxy section */
		2CC8FBBE194BC51800014013 /* PBXContainerItemProxy */ = {
			isa = PBXContainerItemProxy;
			containerPortal = 2CC8FB96194BC51800014013 /* Project object */;
			proxyType = 1;
			remoteGlobalIDString = 2CC8FB9D194BC51800014013;
			remoteInfo = Findr;
		};
/* End PBXContainerItemProxy section */

/* Begin PBXFileReference section */
		2CC8FB9E194BC51800014013 /* Findr.app */ = {isa = PBXFileReference; explicitFileType = wrapper.application; includeInIndex = 0; path = Findr.app; sourceTree = BUILT_PRODUCTS_DIR; };
		2CC8FBA1194BC51800014013 /* Foundation.framework */ = {isa = PBXFileReference; lastKnownFileType = wrapper.framework; name = Foundation.framework; path = System/Library/Frameworks/Foundation.framework; sourceTree = SDKROOT; };
		2CC8FBA3194BC51800014013 /* CoreGraphics.framework */ = {isa = PBXFileReference; lastKnownFileType = wrapper.framework; name = CoreGraphics.framework; path = System/Library/Frameworks/CoreGraphics.framework; sourceTree = SDKROOT; };
		2CC8FBA5194BC51800014013 /* UIKit.framework */ = {isa = PBXFileReference; lastKnownFileType = wrapper.framework; name = UIKit.framework; path = System/Library/Frameworks/UIKit.framework; sourceTree = SDKROOT; };
		2CC8FBA9194BC51800014013 /* Findr-Info.plist */ = {isa = PBXFileReference; lastKnownFileType = text.plist.xml; path = "Findr-Info.plist"; sourceTree = "<group>"; };
		2CC8FBAB194BC51800014013 /* en */ = {isa = PBXFileReference; lastKnownFileType = text.plist.strings; name = en; path = en.lproj/InfoPlist.strings; sourceTree = "<group>"; };
		2CC8FBAD194BC51800014013 /* main.m */ = {isa = PBXFileReference; lastKnownFileType = sourcecode.c.objc; path = main.m; sourceTree = "<group>"; };
		2CC8FBAF194BC51800014013 /* Findr-Prefix.pch */ = {isa = PBXFileReference; lastKnownFileType = sourcecode.c.h; path = "Findr-Prefix.pch"; sourceTree = "<group>"; };
		2CC8FBB0194BC51800014013 /* AppDelegate.h */ = {isa = PBXFileReference; lastKnownFileType = sourcecode.c.h; path = AppDelegate.h; sourceTree = "<group>"; };
		2CC8FBB1194BC51800014013 /* AppDelegate.m */ = {isa = PBXFileReference; lastKnownFileType = sourcecode.c.objc; path = AppDelegate.m; sourceTree = "<group>"; };
		2CC8FBB3194BC51800014013 /* Images.xcassets */ = {isa = PBXFileReference; lastKnownFileType = folder.assetcatalog; path = Images.xcassets; sourceTree = "<group>"; };
		2CC8FBB9194BC51800014013 /* FindrTests.xctest */ = {isa = PBXFileReference; explicitFileType = wrapper.cfbundle; includeInIndex = 0; path = FindrTests.xctest; sourceTree = BUILT_PRODUCTS_DIR; };
		2CC8FBBA194BC51800014013 /* XCTest.framework */ = {isa = PBXFileReference; lastKnownFileType = wrapper.framework; name = XCTest.framework; path = Library/Frameworks/XCTest.framework; sourceTree = DEVELOPER_DIR; };
		2CC8FBC2194BC51800014013 /* FindrTests-Info.plist */ = {isa = PBXFileReference; lastKnownFileType = text.plist.xml; path = "FindrTests-Info.plist"; sourceTree = "<group>"; };
		2CC8FBC4194BC51800014013 /* en */ = {isa = PBXFileReference; lastKnownFileType = text.plist.strings; name = en; path = en.lproj/InfoPlist.strings; sourceTree = "<group>"; };
		2CC8FBC6194BC51800014013 /* FindrTests.m */ = {isa = PBXFileReference; lastKnownFileType = sourcecode.c.objc; path = FindrTests.m; sourceTree = "<group>"; };
		2CC8FBD0194BC52D00014013 /* YelpClient.h */ = {isa = PBXFileReference; fileEncoding = 4; lastKnownFileType = sourcecode.c.h; path = YelpClient.h; sourceTree = "<group>"; };
		2CC8FBD1194BC52D00014013 /* YelpClient.m */ = {isa = PBXFileReference; fileEncoding = 4; lastKnownFileType = sourcecode.c.objc; path = YelpClient.m; sourceTree = "<group>"; };
/* End PBXFileReference section */

/* Begin PBXFrameworksBuildPhase section */
		2CC8FB9B194BC51800014013 /* Frameworks */ = {
			isa = PBXFrameworksBuildPhase;
			buildActionMask = 2147483647;
			files = (
				2CC8FBA4194BC51800014013 /* CoreGraphics.framework in Frameworks */,
				2CC8FBA6194BC51800014013 /* UIKit.framework in Frameworks */,
				2CC8FBA2194BC51800014013 /* Foundation.framework in Frameworks */,
			);
			runOnlyForDeploymentPostprocessing = 0;
		};
		2CC8FBB6194BC51800014013 /* Frameworks */ = {
			isa = PBXFrameworksBuildPhase;
			buildActionMask = 2147483647;
			files = (
				2CC8FBBB194BC51800014013 /* XCTest.framework in Frameworks */,
				2CC8FBBD194BC51800014013 /* UIKit.framework in Frameworks */,
				2CC8FBBC194BC51800014013 /* Foundation.framework in Frameworks */,
			);
			runOnlyForDeploymentPostprocessing = 0;
		};
/* End PBXFrameworksBuildPhase section */

/* Begin PBXGroup section */
		2CC8FB95194BC51800014013 = {
			isa = PBXGroup;
			children = (
				2CC8FBA7194BC51800014013 /* Findr */,
				2CC8FBC0194BC51800014013 /* FindrTests */,
				2CC8FBA0194BC51800014013 /* Frameworks */,
				2CC8FB9F194BC51800014013 /* Products */,
			);
			sourceTree = "<group>";
		};
		2CC8FB9F194BC51800014013 /* Products */ = {
			isa = PBXGroup;
			children = (
				2CC8FB9E194BC51800014013 /* Findr.app */,
				2CC8FBB9194BC51800014013 /* FindrTests.xctest */,
			);
			name = Products;
			sourceTree = "<group>";
		};
		2CC8FBA0194BC51800014013 /* Frameworks */ = {
			isa = PBXGroup;
			children = (
				2CC8FBA1194BC51800014013 /* Foundation.framework */,
				2CC8FBA3194BC51800014013 /* CoreGraphics.framework */,
				2CC8FBA5194BC51800014013 /* UIKit.framework */,
				2CC8FBBA194BC51800014013 /* XCTest.framework */,
			);
			name = Frameworks;
			sourceTree = "<group>";
		};
		2CC8FBA7194BC51800014013 /* Findr */ = {
			isa = PBXGroup;
			children = (
				2CC8FBD5194BC54800014013 /* Models */,
				2CC8FBD4194BC54100014013 /* View Controllers */,
				2CC8FBD3194BC53400014013 /* API */,
				2CC8FBB0194BC51800014013 /* AppDelegate.h */,
				2CC8FBB1194BC51800014013 /* AppDelegate.m */,
				2CC8FBB3194BC51800014013 /* Images.xcassets */,
				2CC8FBA8194BC51800014013 /* Supporting Files */,
			);
			path = Findr;
			sourceTree = "<group>";
		};
		2CC8FBA8194BC51800014013 /* Supporting Files */ = {
			isa = PBXGroup;
			children = (
				2CC8FBA9194BC51800014013 /* Findr-Info.plist */,
				2CC8FBAA194BC51800014013 /* InfoPlist.strings */,
				2CC8FBAD194BC51800014013 /* main.m */,
				2CC8FBAF194BC51800014013 /* Findr-Prefix.pch */,
			);
			name = "Supporting Files";
			sourceTree = "<group>";
		};
		2CC8FBC0194BC51800014013 /* FindrTests */ = {
			isa = PBXGroup;
			children = (
				2CC8FBC6194BC51800014013 /* FindrTests.m */,
				2CC8FBC1194BC51800014013 /* Supporting Files */,
			);
			path = FindrTests;
			sourceTree = "<group>";
		};
		2CC8FBC1194BC51800014013 /* Supporting Files */ = {
			isa = PBXGroup;
			children = (
				2CC8FBC2194BC51800014013 /* FindrTests-Info.plist */,
				2CC8FBC3194BC51800014013 /* InfoPlist.strings */,
			);
			name = "Supporting Files";
			sourceTree = "<group>";
		};
		2CC8FBD3194BC53400014013 /* API */ = {
			isa = PBXGroup;
			children = (
				2CC8FBD0194BC52D00014013 /* YelpClient.h */,
				2CC8FBD1194BC52D00014013 /* YelpClient.m */,
			);
			name = API;
			sourceTree = "<group>";
		};
		2CC8FBD4194BC54100014013 /* View Controllers */ = {
			isa = PBXGroup;
			children = (
			);
			name = "View Controllers";
			sourceTree = "<group>";
		};
		2CC8FBD5194BC54800014013 /* Models */ = {
			isa = PBXGroup;
			children = (
			);
			name = Models;
			sourceTree = "<group>";
		};
/* End PBXGroup section */

/* Begin PBXNativeTarget section */
		2CC8FB9D194BC51800014013 /* Findr */ = {
			isa = PBXNativeTarget;
			buildConfigurationList = 2CC8FBCA194BC51800014013 /* Build configuration list for PBXNativeTarget "Findr" */;
			buildPhases = (
				2CC8FB9A194BC51800014013 /* Sources */,
				2CC8FB9B194BC51800014013 /* Frameworks */,
				2CC8FB9C194BC51800014013 /* Resources */,
			);
			buildRules = (
			);
			dependencies = (
			);
			name = Findr;
			productName = Findr;
			productReference = 2CC8FB9E194BC51800014013 /* Findr.app */;
			productType = "com.apple.product-type.application";
		};
		2CC8FBB8194BC51800014013 /* FindrTests */ = {
			isa = PBXNativeTarget;
			buildConfigurationList = 2CC8FBCD194BC51800014013 /* Build configuration list for PBXNativeTarget "FindrTests" */;
			buildPhases = (
				2CC8FBB5194BC51800014013 /* Sources */,
				2CC8FBB6194BC51800014013 /* Frameworks */,
				2CC8FBB7194BC51800014013 /* Resources */,
			);
			buildRules = (
			);
			dependencies = (
				2CC8FBBF194BC51800014013 /* PBXTargetDependency */,
			);
			name = FindrTests;
			productName = FindrTests;
			productReference = 2CC8FBB9194BC51800014013 /* FindrTests.xctest */;
			productType = "com.apple.product-type.bundle.unit-test";
		};
/* End PBXNativeTarget section */

/* Begin PBXProject section */
		2CC8FB96194BC51800014013 /* Project object */ = {
			isa = PBXProject;
			attributes = {
				LastUpgradeCheck = 0510;
				ORGANIZATIONNAME = "NinjaSudo Inc";
				TargetAttributes = {
					2CC8FBB8194BC51800014013 = {
						TestTargetID = 2CC8FB9D194BC51800014013;
					};
				};
			};
			buildConfigurationList = 2CC8FB99194BC51800014013 /* Build configuration list for PBXProject "Findr" */;
			compatibilityVersion = "Xcode 3.2";
			developmentRegion = English;
			hasScannedForEncodings = 0;
			knownRegions = (
				en,
			);
			mainGroup = 2CC8FB95194BC51800014013;
			productRefGroup = 2CC8FB9F194BC51800014013 /* Products */;
			projectDirPath = "";
			projectRoot = "";
			targets = (
				2CC8FB9D194BC51800014013 /* Findr */,
				2CC8FBB8194BC51800014013 /* FindrTests */,
			);
		};
/* End PBXProject section */

/* Begin PBXResourcesBuildPhase section */
		2CC8FB9C194BC51800014013 /* Resources */ = {
			isa = PBXResourcesBuildPhase;
			buildActionMask = 2147483647;
			files = (
				2CC8FBAC194BC51800014013 /* InfoPlist.strings in Resources */,
				2CC8FBB4194BC51800014013 /* Images.xcassets in Resources */,
			);
			runOnlyForDeploymentPostprocessing = 0;
		};
		2CC8FBB7194BC51800014013 /* Resources */ = {
			isa = PBXResourcesBuildPhase;
			buildActionMask = 2147483647;
			files = (
				2CC8FBC5194BC51800014013 /* InfoPlist.strings in Resources */,
			);
			runOnlyForDeploymentPostprocessing = 0;
		};
/* End PBXResourcesBuildPhase section */

/* Begin PBXSourcesBuildPhase section */
		2CC8FB9A194BC51800014013 /* Sources */ = {
			isa = PBXSourcesBuildPhase;
			buildActionMask = 2147483647;
			files = (
				2CC8FBB2194BC51800014013 /* AppDelegate.m in Sources */,
				2CC8FBAE194BC51800014013 /* main.m in Sources */,
				2CC8FBD2194BC52D00014013 /* YelpClient.m in Sources */,
			);
			runOnlyForDeploymentPostprocessing = 0;
		};
		2CC8FBB5194BC51800014013 /* Sources */ = {
			isa = PBXSourcesBuildPhase;
			buildActionMask = 2147483647;
			files = (
				2CC8FBC7194BC51800014013 /* FindrTests.m in Sources */,
			);
			runOnlyForDeploymentPostprocessing = 0;
		};
/* End PBXSourcesBuildPhase section */

/* Begin PBXTargetDependency section */
		2CC8FBBF194BC51800014013 /* PBXTargetDependency */ = {
			isa = PBXTargetDependency;
			target = 2CC8FB9D194BC51800014013 /* Findr */;
			targetProxy = 2CC8FBBE194BC51800014013 /* PBXContainerItemProxy */;
		};
/* End PBXTargetDependency section */

/* Begin PBXVariantGroup section */
		2CC8FBAA194BC51800014013 /* InfoPlist.strings */ = {
			isa = PBXVariantGroup;
			children = (
				2CC8FBAB194BC51800014013 /* en */,
			);
			name = InfoPlist.strings;
			sourceTree = "<group>";
		};
		2CC8FBC3194BC51800014013 /* InfoPlist.strings */ = {
			isa = PBXVariantGroup;
			children = (
				2CC8FBC4194BC51800014013 /* en */,
			);
			name = InfoPlist.strings;
			sourceTree = "<group>";
		};
/* End PBXVariantGroup section */

/* Begin XCBuildConfiguration section */
		2CC8FBC8194BC51800014013 /* Debug */ = {
			isa = XCBuildConfiguration;
			buildSettings = {
				ALWAYS_SEARCH_USER_PATHS = NO;
				CLANG_CXX_LANGUAGE_STANDARD = "gnu++0x";
				CLANG_CXX_LIBRARY = "libc++";
				CLANG_ENABLE_MODULES = YES;
				CLANG_ENABLE_OBJC_ARC = YES;
				CLANG_WARN_BOOL_CONVERSION = YES;
				CLANG_WARN_CONSTANT_CONVERSION = YES;
				CLANG_WARN_DIRECT_OBJC_ISA_USAGE = YES_ERROR;
				CLANG_WARN_EMPTY_BODY = YES;
				CLANG_WARN_ENUM_CONVERSION = YES;
				CLANG_WARN_INT_CONVERSION = YES;
				CLANG_WARN_OBJC_ROOT_CLASS = YES_ERROR;
				CLANG_WARN__DUPLICATE_METHOD_MATCH = YES;
				"CODE_SIGN_IDENTITY[sdk=iphoneos*]" = "iPhone Developer";
				COPY_PHASE_STRIP = NO;
				GCC_C_LANGUAGE_STANDARD = gnu99;
				GCC_DYNAMIC_NO_PIC = NO;
				GCC_OPTIMIZATION_LEVEL = 0;
				GCC_PREPROCESSOR_DEFINITIONS = (
					"DEBUG=1",
					"$(inherited)",
				);
				GCC_SYMBOLS_PRIVATE_EXTERN = NO;
				GCC_WARN_64_TO_32_BIT_CONVERSION = YES;
				GCC_WARN_ABOUT_RETURN_TYPE = YES_ERROR;
				GCC_WARN_UNDECLARED_SELECTOR = YES;
				GCC_WARN_UNINITIALIZED_AUTOS = YES_AGGRESSIVE;
				GCC_WARN_UNUSED_FUNCTION = YES;
				GCC_WARN_UNUSED_VARIABLE = YES;
				IPHONEOS_DEPLOYMENT_TARGET = 7.1;
				ONLY_ACTIVE_ARCH = YES;
				SDKROOT = iphoneos;
				TARGETED_DEVICE_FAMILY = "1,2";
			};
			name = Debug;
		};
		2CC8FBC9194BC51800014013 /* Release */ = {
			isa = XCBuildConfiguration;
			buildSettings = {
				ALWAYS_SEARCH_USER_PATHS = NO;
				CLANG_CXX_LANGUAGE_STANDARD = "gnu++0x";
				CLANG_CXX_LIBRARY = "libc++";
				CLANG_ENABLE_MODULES = YES;
				CLANG_ENABLE_OBJC_ARC = YES;
				CLANG_WARN_BOOL_CONVERSION = YES;
				CLANG_WARN_CONSTANT_CONVERSION = YES;
				CLANG_WARN_DIRECT_OBJC_ISA_USAGE = YES_ERROR;
				CLANG_WARN_EMPTY_BODY = YES;
				CLANG_WARN_ENUM_CONVERSION = YES;
				CLANG_WARN_INT_CONVERSION = YES;
				CLANG_WARN_OBJC_ROOT_CLASS = YES_ERROR;
				CLANG_WARN__DUPLICATE_METHOD_MATCH = YES;
				"CODE_SIGN_IDENTITY[sdk=iphoneos*]" = "iPhone Developer";
				COPY_PHASE_STRIP = YES;
				ENABLE_NS_ASSERTIONS = NO;
				GCC_C_LANGUAGE_STANDARD = gnu99;
				GCC_WARN_64_TO_32_BIT_CONVERSION = YES;
				GCC_WARN_ABOUT_RETURN_TYPE = YES_ERROR;
				GCC_WARN_UNDECLARED_SELECTOR = YES;
				GCC_WARN_UNINITIALIZED_AUTOS = YES_AGGRESSIVE;
				GCC_WARN_UNUSED_FUNCTION = YES;
				GCC_WARN_UNUSED_VARIABLE = YES;
				IPHONEOS_DEPLOYMENT_TARGET = 7.1;
				SDKROOT = iphoneos;
				TARGETED_DEVICE_FAMILY = "1,2";
				VALIDATE_PRODUCT = YES;
			};
			name = Release;
		};
		2CC8FBCB194BC51800014013 /* Debug */ = {
			isa = XCBuildConfiguration;
			buildSettings = {
				ASSETCATALOG_COMPILER_APPICON_NAME = AppIcon;
				ASSETCATALOG_COMPILER_LAUNCHIMAGE_NAME = LaunchImage;
				GCC_PRECOMPILE_PREFIX_HEADER = YES;
				GCC_PREFIX_HEADER = "Findr/Findr-Prefix.pch";
				INFOPLIST_FILE = "Findr/Findr-Info.plist";
				PRODUCT_NAME = "$(TARGET_NAME)";
				WRAPPER_EXTENSION = app;
			};
			name = Debug;
		};
		2CC8FBCC194BC51800014013 /* Release */ = {
			isa = XCBuildConfiguration;
			buildSettings = {
				ASSETCATALOG_COMPILER_APPICON_NAME = AppIcon;
				ASSETCATALOG_COMPILER_LAUNCHIMAGE_NAME = LaunchImage;
				GCC_PRECOMPILE_PREFIX_HEADER = YES;
				GCC_PREFIX_HEADER = "Findr/Findr-Prefix.pch";
				INFOPLIST_FILE = "Findr/Findr-Info.plist";
				PRODUCT_NAME = "$(TARGET_NAME)";
				WRAPPER_EXTENSION = app;
			};
			name = Release;
		};
		2CC8FBCE194BC51800014013 /* Debug */ = {
			isa = XCBuildConfiguration;
			buildSettings = {
				BUNDLE_LOADER = "$(BUILT_PRODUCTS_DIR)/Findr.app/Findr";
				FRAMEWORK_SEARCH_PATHS = (
					"$(SDKROOT)/Developer/Library/Frameworks",
					"$(inherited)",
					"$(DEVELOPER_FRAMEWORKS_DIR)",
				);
				GCC_PRECOMPILE_PREFIX_HEADER = YES;
				GCC_PREFIX_HEADER = "Findr/Findr-Prefix.pch";
				GCC_PREPROCESSOR_DEFINITIONS = (
					"DEBUG=1",
					"$(inherited)",
				);
				INFOPLIST_FILE = "FindrTests/FindrTests-Info.plist";
				PRODUCT_NAME = "$(TARGET_NAME)";
				TEST_HOST = "$(BUNDLE_LOADER)";
				WRAPPER_EXTENSION = xctest;
			};
			name = Debug;
		};
		2CC8FBCF194BC51800014013 /* Release */ = {
			isa = XCBuildConfiguration;
			buildSettings = {
				BUNDLE_LOADER = "$(BUILT_PRODUCTS_DIR)/Findr.app/Findr";
				FRAMEWORK_SEARCH_PATHS = (
					"$(SDKROOT)/Developer/Library/Frameworks",
					"$(inherited)",
					"$(DEVELOPER_FRAMEWORKS_DIR)",
				);
				GCC_PRECOMPILE_PREFIX_HEADER = YES;
				GCC_PREFIX_HEADER = "Findr/Findr-Prefix.pch";
				INFOPLIST_FILE = "FindrTests/FindrTests-Info.plist";
				PRODUCT_NAME = "$(TARGET_NAME)";
				TEST_HOST = "$(BUNDLE_LOADER)";
				WRAPPER_EXTENSION = xctest;
			};
			name = Release;
		};
/* End XCBuildConfiguration section */

/* Begin XCConfigurationList section */
		2CC8FB99194BC51800014013 /* Build configuration list for PBXProject "Findr" */ = {
			isa = XCConfigurationList;
			buildConfigurations = (
				2CC8FBC8194BC51800014013 /* Debug */,
				2CC8FBC9194BC51800014013 /* Release */,
			);
			defaultConfigurationIsVisible = 0;
			defaultConfigurationName = Release;
		};
		2CC8FBCA194BC51800014013 /* Build configuration list for PBXNativeTarget "Findr" */ = {
			isa = XCConfigurationList;
			buildConfigurations = (
				2CC8FBCB194BC51800014013 /* Debug */,
				2CC8FBCC194BC51800014013 /* Release */,
			);
			defaultConfigurationIsVisible = 0;
		};
		2CC8FBCD194BC51800014013 /* Build configuration list for PBXNativeTarget "FindrTests" */ = {
			isa = XCConfigurationList;
			buildConfigurations = (
				2CC8FBCE194BC51800014013 /* Debug */,
				2CC8FBCF194BC51800014013 /* Release */,
			);
			defaultConfigurationIsVisible = 0;
		};
/* End XCConfigurationList section */
	};
	rootObject = 2CC8FB96194BC51800014013 /* Project object */;
}
